
Microsoft Visual Studio Solution File, Format Version 12.00
# Visual Studio 15
VisualStudioVersion = 15.0.27703.2026
MinimumVisualStudioVersion = 10.0.40219.1
Project("{9A19103F-16F7-4668-BE54-9A1E7A4F7556}") = "Otc.AuthorizationContext.Abstractions", "Otc.AuthorizationContext.Abstractions\Otc.AuthorizationContext.Abstractions.csproj", "{2569C914-83E8-4B5E-814F-45FDCDDDDFB0}"
EndProject
Project("{9A19103F-16F7-4668-BE54-9A1E7A4F7556}") = "Otc.AuthorizationContext.AspNetCore.Jwt", "Otc.AuthorizationContext.AspNetCore.Jwt\Otc.AuthorizationContext.AspNetCore.Jwt.csproj", "{3D6826C6-C3C2-4902-B99B-C6BF1F0C46C6}"
EndProject
Global
	GlobalSection(SolutionConfigurationPlatforms) = preSolution
		Debug|Any CPU = Debug|Any CPU
		Release|Any CPU = Release|Any CPU
	EndGlobalSection
	GlobalSection(ProjectConfigurationPlatforms) = postSolution
		{2569C914-83E8-4B5E-814F-45FDCDDDDFB0}.Debug|Any CPU.ActiveCfg = Debug|Any CPU
		{2569C914-83E8-4B5E-814F-45FDCDDDDFB0}.Debug|Any CPU.Build.0 = Debug|Any CPU
		{2569C914-83E8-4B5E-814F-45FDCDDDDFB0}.Release|Any CPU.ActiveCfg = Release|Any CPU
		{2569C914-83E8-4B5E-814F-45FDCDDDDFB0}.Release|Any CPU.Build.0 = Release|Any CPU
		{3D6826C6-C3C2-4902-B99B-C6BF1F0C46C6}.Debug|Any CPU.ActiveCfg = Debug|Any CPU
		{3D6826C6-C3C2-4902-B99B-C6BF1F0C46C6}.Debug|Any CPU.Build.0 = Debug|Any CPU
		{3D6826C6-C3C2-4902-B99B-C6BF1F0C46C6}.Release|Any CPU.ActiveCfg = Release|Any CPU
		{3D6826C6-C3C2-4902-B99B-C6BF1F0C46C6}.Release|Any CPU.Build.0 = Release|Any CPU
	EndGlobalSection
	GlobalSection(SolutionProperties) = preSolution
		HideSolutionNode = FALSE
	EndGlobalSection
	GlobalSection(ExtensibilityGlobals) = postSolution
		SolutionGuid = {50C5D6B4-E829-45E5-871A-07EBCA01012A}
	EndGlobalSection
EndGlobal
